{
  "name": "memcached-njs",
  "version": "0.3.16",
  "lockfileVersion": 2,
  "requires": true,
  "packages": {
    "": {
      "name": "memcached-njs",
      "version": "0.3.16",
      "license": "Apache-2.0",
      "dependencies": {
        "bluebird": "3.5.0",
        "memcache-parser": "0.2.7"
      },
      "devDependencies": {
        "memcached": "2.2.2"
      }
    },
    "node_modules/bluebird": {
      "version": "3.5.0",
      "resolved": "https://registry.npmjs.org/bluebird/-/bluebird-3.5.0.tgz",
      "integrity": "sha512-3LE8m8bqjGdoxfvf71yhFNrUcwy3NLy00SAo+b6MfJ8l+Bc2DzQ7mUHwX6pjK2AxfgV+YfsjCeVW3T5HLQTBsQ=="
    },
    "node_modules/connection-parse": {
      "version": "0.0.7",
      "resolved": "https://registry.npmjs.org/connection-parse/-/connection-parse-0.0.7.tgz",
      "integrity": "sha512-bTTG28diWg7R7/+qE5NZumwPbCiJOT8uPdZYu674brDjBWQctbaQbYlDKhalS+4i5HxIx+G8dZsnBHKzWpp01A==",
      "dev": true
    },
    "node_modules/hashring": {
      "version": "3.2.0",
      "resolved": "https://registry.npmjs.org/hashring/-/hashring-3.2.0.tgz",
      "integrity": "sha512-xCMovURClsQZ+TR30icCZj+34Fq1hs0y6YCASD6ZqdRfYRybb5Iadws2WS+w09mGM/kf9xyA5FCdJQGcgcraSA==",
      "dev": true,
      "dependencies": {
        "connection-parse": "0.0.x",
        "simple-lru-cache": "0.0.x"
      }
    },
    "node_modules/jackpot": {
      "version": "0.0.6",
      "resolved": "https://registry.npmjs.org/jackpot/-/jackpot-0.0.6.tgz",
      "integrity": "sha512-rbWXX+A9ooq03/dfavLg9OXQ8YB57Wa7PY5c4LfU3CgFpwEhhl3WyXTQVurkaT7zBM5I9SSOaiLyJ4I0DQmC0g==",
      "dev": true,
      "dependencies": {
        "retry": "0.6.0"
      }
    },
    "node_modules/memcache-parser": {
      "version": "0.2.7",
      "resolved": "https://registry.npmjs.org/memcache-parser/-/memcache-parser-0.2.7.tgz",
      "integrity": "sha512-Sr1lO1FvsPLLzhKp1kdRstIXvSL2HxucOtZ74x4oNQJ6hQs5lHFy3otKd5sOX4/DTzFX0Z0ZxLfWhbj89vapUg==",
      "engines": {
        "node": ">=4"
      }
    },
    "node_modules/memcached": {
      "version": "2.2.2",
      "resolved": "https://registry.npmjs.org/memcached/-/memcached-2.2.2.tgz",
      "integrity": "sha512-lHwUmqkT9WdUUgRsAvquO4xsKXYaBd644Orz31tuth+w/BIfFNuJMWwsG7sa7H3XXytaNfPTZ5R/yOG3d9zJMA==",
      "dev": true,
      "dependencies": {
        "hashring": "3.2.x",
        "jackpot": ">=0.0.6"
      }
    },
    "node_modules/retry": {
      "version": "0.6.0",
      "resolved": "https://registry.npmjs.org/retry/-/retry-0.6.0.tgz",
      "integrity": "sha512-RgncoxLF1GqwAzTZs/K2YpZkWrdIYbXsmesdomi+iPilSzjUyr/wzNIuteoTVaWokzdwZIJ9NHRNQa/RUiOB2g==",
      "dev": true,
      "engines": {
        "node": "*"
      }
    },
    "node_modules/simple-lru-cache": {
      "version": "0.0.2",
      "resolved": "https://registry.npmjs.org/simple-lru-cache/-/simple-lru-cache-0.0.2.tgz",
      "integrity": "sha512-uEv/AFO0ADI7d99OHDmh1QfYzQk/izT1vCmu/riQfh7qjBVUUgRT87E5s5h7CxWCA/+YoZerykpEthzVrW3LIw==",
      "dev": true
    }
  },
  "dependencies": {
    "bluebird": {
      "version": "3.5.0",
      "resolved": "https://registry.npmjs.org/bluebird/-/bluebird-3.5.0.tgz",
      "integrity": "sha512-3LE8m8bqjGdoxfvf71yhFNrUcwy3NLy00SAo+b6MfJ8l+Bc2DzQ7mUHwX6pjK2AxfgV+YfsjCeVW3T5HLQTBsQ=="
    },
    "connection-parse": {
      "version": "0.0.7",
      "resolved": "https://registry.npmjs.org/connection-parse/-/connection-parse-0.0.7.tgz",
      "integrity": "sha512-bTTG28diWg7R7/+qE5NZumwPbCiJOT8uPdZYu674brDjBWQctbaQbYlDKhalS+4i5HxIx+G8dZsnBHKzWpp01A==",
      "dev": true
    },
    "hashring": {
      "version": "3.2.0",
      "resolved": "https://registry.npmjs.org/hashring/-/hashring-3.2.0.tgz",
      "integrity": "sha512-xCMovURClsQZ+TR30icCZj+34Fq1hs0y6YCASD6ZqdRfYRybb5Iadws2WS+w09mGM/kf9xyA5FCdJQGcgcraSA==",
      "dev": true,
      "requires": {
        "connection-parse": "0.0.x",
        "simple-lru-cache": "0.0.x"
      }
    },
    "jackpot": {
      "version": "0.0.6",
      "resolved": "https://registry.npmjs.org/jackpot/-/jackpot-0.0.6.tgz",
      "integrity": "sha512-rbWXX+A9ooq03/dfavLg9OXQ8YB57Wa7PY5c4LfU3CgFpwEhhl3WyXTQVurkaT7zBM5I9SSOaiLyJ4I0DQmC0g==",
      "dev": true,
      "requires": {
        "retry": "0.6.0"
      }
    },
    "memcache-parser": {
      "version": "0.2.7",
      "resolved": "https://registry.npmjs.org/memcache-parser/-/memcache-parser-0.2.7.tgz",
      "integrity": "sha512-Sr1lO1FvsPLLzhKp1kdRstIXvSL2HxucOtZ74x4oNQJ6hQs5lHFy3otKd5sOX4/DTzFX0Z0ZxLfWhbj89vapUg=="
    },
    "memcached": {
      "version": "2.2.2",
      "resolved": "https://registry.npmjs.org/memcached/-/memcached-2.2.2.tgz",
      "integrity": "sha512-lHwUmqkT9WdUUgRsAvquO4xsKXYaBd644Orz31tuth+w/BIfFNuJMWwsG7sa7H3XXytaNfPTZ5R/yOG3d9zJMA==",
      "dev": true,
      "requires": {
        "hashring": "3.2.x",
        "jackpot": ">=0.0.6"
      }
    },
    "retry": {
      "version": "0.6.0",
      "resolved": "https://registry.npmjs.org/retry/-/retry-0.6.0.tgz",
      "integrity": "sha512-RgncoxLF1GqwAzTZs/K2YpZkWrdIYbXsmesdomi+iPilSzjUyr/wzNIuteoTVaWokzdwZIJ9NHRNQa/RUiOB2g==",
      "dev": true
    },
    "simple-lru-cache": {
      "version": "0.0.2",
      "resolved": "https://registry.npmjs.org/simple-lru-cache/-/simple-lru-cache-0.0.2.tgz",
      "integrity": "sha512-uEv/AFO0ADI7d99OHDmh1QfYzQk/izT1vCmu/riQfh7qjBVUUgRT87E5s5h7CxWCA/+YoZerykpEthzVrW3LIw==",
      "dev": true
    }
  }
}
